
Microsoft Visual Studio Solution File, Format Version 12.00
# Visual Studio Version 17
VisualStudioVersion = 17.9.34714.143
MinimumVisualStudioVersion = 10.0.40219.1
Project("{8BC9CEB8-8B4A-11D0-8D11-00A0C91BC942}") = "day10", "day10\day10.vcxproj", "{C496C6EE-9134-4DFE-8535-9227353DBEA1}"
EndProject
Global
	GlobalSection(SolutionConfigurationPlatforms) = preSolution
		Debug|x64 = Debug|x64
		Debug|x86 = Debug|x86
		Release|x64 = Release|x64
		Release|x86 = Release|x86
	EndGlobalSection
	GlobalSection(ProjectConfigurationPlatforms) = postSolution
		{C496C6EE-9134-4DFE-8535-9227353DBEA1}.Debug|x64.ActiveCfg = Debug|x64
		{C496C6EE-9134-4DFE-8535-9227353DBEA1}.Debug|x64.Build.0 = Debug|x64
		{C496C6EE-9134-4DFE-8535-9227353DBEA1}.Debug|x86.ActiveCfg = Debug|Win32
		{C496C6EE-9134-4DFE-8535-9227353DBEA1}.Debug|x86.Build.0 = Debug|Win32
		{C496C6EE-9134-4DFE-8535-9227353DBEA1}.Release|x64.ActiveCfg = Release|x64
		{C496C6EE-9134-4DFE-8535-9227353DBEA1}.Release|x64.Build.0 = Release|x64
		{C496C6EE-9134-4DFE-8535-9227353DBEA1}.Release|x86.ActiveCfg = Release|Win32
		{C496C6EE-9134-4DFE-8535-9227353DBEA1}.Release|x86.Build.0 = Release|Win32
	EndGlobalSection
	GlobalSection(SolutionProperties) = preSolution
		HideSolutionNode = FALSE
	EndGlobalSection
	GlobalSection(ExtensibilityGlobals) = postSolution
		SolutionGuid = {4F42784A-992C-41B3-887D-BE880B8E445B}
	EndGlobalSection
EndGlobal
