
Microsoft Visual Studio Solution File, Format Version 12.00
# Visual Studio Version 17
VisualStudioVersion = 17.9.34714.143
MinimumVisualStudioVersion = 10.0.40219.1
Project("{8BC9CEB8-8B4A-11D0-8D11-00A0C91BC942}") = "day43", "day43\day43.vcxproj", "{3CD5BB3E-A918-4F41-9D84-8B64B28D53BF}"
EndProject
Global
	GlobalSection(SolutionConfigurationPlatforms) = preSolution
		Debug|x64 = Debug|x64
		Debug|x86 = Debug|x86
		Release|x64 = Release|x64
		Release|x86 = Release|x86
	EndGlobalSection
	GlobalSection(ProjectConfigurationPlatforms) = postSolution
		{3CD5BB3E-A918-4F41-9D84-8B64B28D53BF}.Debug|x64.ActiveCfg = Debug|x64
		{3CD5BB3E-A918-4F41-9D84-8B64B28D53BF}.Debug|x64.Build.0 = Debug|x64
		{3CD5BB3E-A918-4F41-9D84-8B64B28D53BF}.Debug|x86.ActiveCfg = Debug|Win32
		{3CD5BB3E-A918-4F41-9D84-8B64B28D53BF}.Debug|x86.Build.0 = Debug|Win32
		{3CD5BB3E-A918-4F41-9D84-8B64B28D53BF}.Release|x64.ActiveCfg = Release|x64
		{3CD5BB3E-A918-4F41-9D84-8B64B28D53BF}.Release|x64.Build.0 = Release|x64
		{3CD5BB3E-A918-4F41-9D84-8B64B28D53BF}.Release|x86.ActiveCfg = Release|Win32
		{3CD5BB3E-A918-4F41-9D84-8B64B28D53BF}.Release|x86.Build.0 = Release|Win32
	EndGlobalSection
	GlobalSection(SolutionProperties) = preSolution
		HideSolutionNode = FALSE
	EndGlobalSection
	GlobalSection(ExtensibilityGlobals) = postSolution
		SolutionGuid = {DFDD0AAD-831E-44EE-9196-9CAE2BFB176D}
	EndGlobalSection
EndGlobal
