
Microsoft Visual Studio Solution File, Format Version 12.00
# Visual Studio Version 17
VisualStudioVersion = 17.9.34714.143
MinimumVisualStudioVersion = 10.0.40219.1
Project("{8BC9CEB8-8B4A-11D0-8D11-00A0C91BC942}") = "day19", "day19\day19.vcxproj", "{6514740C-A290-4C6A-89C9-16831633E8DA}"
EndProject
Global
	GlobalSection(SolutionConfigurationPlatforms) = preSolution
		Debug|x64 = Debug|x64
		Debug|x86 = Debug|x86
		Release|x64 = Release|x64
		Release|x86 = Release|x86
	EndGlobalSection
	GlobalSection(ProjectConfigurationPlatforms) = postSolution
		{6514740C-A290-4C6A-89C9-16831633E8DA}.Debug|x64.ActiveCfg = Debug|x64
		{6514740C-A290-4C6A-89C9-16831633E8DA}.Debug|x64.Build.0 = Debug|x64
		{6514740C-A290-4C6A-89C9-16831633E8DA}.Debug|x86.ActiveCfg = Debug|Win32
		{6514740C-A290-4C6A-89C9-16831633E8DA}.Debug|x86.Build.0 = Debug|Win32
		{6514740C-A290-4C6A-89C9-16831633E8DA}.Release|x64.ActiveCfg = Release|x64
		{6514740C-A290-4C6A-89C9-16831633E8DA}.Release|x64.Build.0 = Release|x64
		{6514740C-A290-4C6A-89C9-16831633E8DA}.Release|x86.ActiveCfg = Release|Win32
		{6514740C-A290-4C6A-89C9-16831633E8DA}.Release|x86.Build.0 = Release|Win32
	EndGlobalSection
	GlobalSection(SolutionProperties) = preSolution
		HideSolutionNode = FALSE
	EndGlobalSection
	GlobalSection(ExtensibilityGlobals) = postSolution
		SolutionGuid = {389BC076-0302-4EC2-9CFD-B9802535B220}
	EndGlobalSection
EndGlobal
